// !$*UTF8*$!
{
	archiveVersion = 1;
	classes = {
	};
	objectVersion = 46;
	objects = {

/* Begin PBXBuildFile section */
		236416AF19995F3200A6A498 /* Foundation.framework in Frameworks */ = {isa = PBXBuildFile; fileRef = 236416AE19995F3200A6A498 /* Foundation.framework */; };
		236416B119995F3200A6A498 /* CoreGraphics.framework in Frameworks */ = {isa = PBXBuildFile; fileRef = 236416B019995F3200A6A498 /* CoreGraphics.framework */; };
		236416B319995F3200A6A498 /* UIKit.framework in Frameworks */ = {isa = PBXBuildFile; fileRef = 236416B219995F3200A6A498 /* UIKit.framework */; };
		236416B919995F3200A6A498 /* InfoPlist.strings in Resources */ = {isa = PBXBuildFile; fileRef = 236416B719995F3200A6A498 /* InfoPlist.strings */; };
		236416BB19995F3200A6A498 /* main.m in Sources */ = {isa = PBXBuildFile; fileRef = 236416BA19995F3200A6A498 /* main.m */; };
		236416BF19995F3200A6A498 /* AppDelegate.m in Sources */ = {isa = PBXBuildFile; fileRef = 236416BE19995F3200A6A498 /* AppDelegate.m */; };
		236416C219995F3200A6A498 /* Main_iPhone.storyboard in Resources */ = {isa = PBXBuildFile; fileRef = 236416C019995F3200A6A498 /* Main_iPhone.storyboard */; };
		236416C519995F3200A6A498 /* Main_iPad.storyboard in Resources */ = {isa = PBXBuildFile; fileRef = 236416C319995F3200A6A498 /* Main_iPad.storyboard */; };
		236416C819995F3200A6A498 /* ViewController.m in Sources */ = {isa = PBXBuildFile; fileRef = 236416C719995F3200A6A498 /* ViewController.m */; };
		236416CA19995F3200A6A498 /* Images.xcassets in Resources */ = {isa = PBXBuildFile; fileRef = 236416C919995F3200A6A498 /* Images.xcassets */; };
		236416D119995F3200A6A498 /* XCTest.framework in Frameworks */ = {isa = PBXBuildFile; fileRef = 236416D019995F3200A6A498 /* XCTest.framework */; };
		236416D219995F3200A6A498 /* Foundation.framework in Frameworks */ = {isa = PBXBuildFile; fileRef = 236416AE19995F3200A6A498 /* Foundation.framework */; };
		236416D319995F3300A6A498 /* UIKit.framework in Frameworks */ = {isa = PBXBuildFile; fileRef = 236416B219995F3200A6A498 /* UIKit.framework */; };
		236416DB19995F3300A6A498 /* InfoPlist.strings in Resources */ = {isa = PBXBuildFile; fileRef = 236416D919995F3300A6A498 /* InfoPlist.strings */; };
		236416DD19995F3300A6A498 /* iAdTestTests.m in Sources */ = {isa = PBXBuildFile; fileRef = 236416DC19995F3300A6A498 /* iAdTestTests.m */; };
		236416E719995F8F00A6A498 /* iAd.framework in Frameworks */ = {isa = PBXBuildFile; fileRef = 236416E619995F8F00A6A498 /* iAd.framework */; };
/* End PBXBuildFile section */

/* Begin PBXContainerItemProxy section */
		236416D419995F3300A6A498 /* PBXContainerItemProxy */ = {
			isa = PBXContainerItemProxy;
			containerPortal = 236416A319995F3200A6A498 /* Project object */;
			proxyType = 1;
			remoteGlobalIDString = 236416AA19995F3200A6A498;
			remoteInfo = iAdTest;
		};
/* End PBXContainerItemProxy section */

/* Begin PBXFileReference section */
		236416AB19995F3200A6A498 /* iAdTest.app */ = {isa = PBXFileReference; explicitFileType = wrapper.application; includeInIndex = 0; path = iAdTest.app; sourceTree = BUILT_PRODUCTS_DIR; };
		236416AE19995F3200A6A498 /* Foundation.framework */ = {isa = PBXFileReference; lastKnownFileType = wrapper.framework; name = Foundation.framework; path = System/Library/Frameworks/Foundation.framework; sourceTree = SDKROOT; };
		236416B019995F3200A6A498 /* CoreGraphics.framework */ = {isa = PBXFileReference; lastKnownFileType = wrapper.framework; name = CoreGraphics.framework; path = System/Library/Frameworks/CoreGraphics.framework; sourceTree = SDKROOT; };
		236416B219995F3200A6A498 /* UIKit.framework */ = {isa = PBXFileReference; lastKnownFileType = wrapper.framework; name = UIKit.framework; path = System/Library/Frameworks/UIKit.framework; sourceTree = SDKROOT; };
		236416B619995F3200A6A498 /* iAdTest-Info.plist */ = {isa = PBXFileReference; lastKnownFileType = text.plist.xml; path = "iAdTest-Info.plist"; sourceTree = "<group>"; };
		236416B819995F3200A6A498 /* en */ = {isa = PBXFileReference; lastKnownFileType = text.plist.strings; name = en; path = en.lproj/InfoPlist.strings; sourceTree = "<group>"; };
		236416BA19995F3200A6A498 /* main.m */ = {isa = PBXFileReference; lastKnownFileType = sourcecode.c.objc; path = main.m; sourceTree = "<group>"; };
		236416BC19995F3200A6A498 /* iAdTest-Prefix.pch */ = {isa = PBXFileReference; lastKnownFileType = sourcecode.c.h; path = "iAdTest-Prefix.pch"; sourceTree = "<group>"; };
		236416BD19995F3200A6A498 /* AppDelegate.h */ = {isa = PBXFileReference; lastKnownFileType = sourcecode.c.h; path = AppDelegate.h; sourceTree = "<group>"; };
		236416BE19995F3200A6A498 /* AppDelegate.m */ = {isa = PBXFileReference; lastKnownFileType = sourcecode.c.objc; path = AppDelegate.m; sourceTree = "<group>"; };
		236416C119995F3200A6A498 /* Base */ = {isa = PBXFileReference; lastKnownFileType = file.storyboard; name = Base; path = Base.lproj/Main_iPhone.storyboard; sourceTree = "<group>"; };
		236416C419995F3200A6A498 /* Base */ = {isa = PBXFileReference; lastKnownFileType = file.storyboard; name = Base; path = Base.lproj/Main_iPad.storyboard; sourceTree = "<group>"; };
		236416C619995F3200A6A498 /* ViewController.h */ = {isa = PBXFileReference; lastKnownFileType = sourcecode.c.h; path = ViewController.h; sourceTree = "<group>"; };
		236416C719995F3200A6A498 /* ViewController.m */ = {isa = PBXFileReference; lastKnownFileType = sourcecode.c.objc; path = ViewController.m; sourceTree = "<group>"; };
		236416C919995F3200A6A498 /* Images.xcassets */ = {isa = PBXFileReference; lastKnownFileType = folder.assetcatalog; path = Images.xcassets; sourceTree = "<group>"; };
		236416CF19995F3200A6A498 /* iAdTestTests.xctest */ = {isa = PBXFileReference; explicitFileType = wrapper.cfbundle; includeInIndex = 0; path = iAdTestTests.xctest; sourceTree = BUILT_PRODUCTS_DIR; };
		236416D019995F3200A6A498 /* XCTest.framework */ = {isa = PBXFileReference; lastKnownFileType = wrapper.framework; name = XCTest.framework; path = Library/Frameworks/XCTest.framework; sourceTree = DEVELOPER_DIR; };
		236416D819995F3300A6A498 /* iAdTestTests-Info.plist */ = {isa = PBXFileReference; lastKnownFileType = text.plist.xml; path = "iAdTestTests-Info.plist"; sourceTree = "<group>"; };
		236416DA19995F3300A6A498 /* en */ = {isa = PBXFileReference; lastKnownFileType = text.plist.strings; name = en; path = en.lproj/InfoPlist.strings; sourceTree = "<group>"; };
		236416DC19995F3300A6A498 /* iAdTestTests.m */ = {isa = PBXFileReference; lastKnownFileType = sourcecode.c.objc; path = iAdTestTests.m; sourceTree = "<group>"; };
		236416E619995F8F00A6A498 /* iAd.framework */ = {isa = PBXFileReference; lastKnownFileType = wrapper.framework; name = iAd.framework; path = System/Library/Frameworks/iAd.framework; sourceTree = SDKROOT; };
/* End PBXFileReference section */

/* Begin PBXFrameworksBuildPhase section */
		236416A819995F3200A6A498 /* Frameworks */ = {
			isa = PBXFrameworksBuildPhase;
			buildActionMask = 2147483647;
			files = (
				236416E719995F8F00A6A498 /* iAd.framework in Frameworks */,
				236416B119995F3200A6A498 /* CoreGraphics.framework in Frameworks */,
				236416B319995F3200A6A498 /* UIKit.framework in Frameworks */,
				236416AF19995F3200A6A498 /* Foundation.framework in Frameworks */,
			);
			runOnlyForDeploymentPostprocessing = 0;
		};
		236416CC19995F3200A6A498 /* Frameworks */ = {
			isa = PBXFrameworksBuildPhase;
			buildActionMask = 2147483647;
			files = (
				236416D119995F3200A6A498 /* XCTest.framework in Frameworks */,
				236416D319995F3300A6A498 /* UIKit.framework in Frameworks */,
				236416D219995F3200A6A498 /* Foundation.framework in Frameworks */,
			);
			runOnlyForDeploymentPostprocessing = 0;
		};
/* End PBXFrameworksBuildPhase section */

/* Begin PBXGroup section */
		236416A219995F3200A6A498 = {
			isa = PBXGroup;
			children = (
				236416B419995F3200A6A498 /* iAdTest */,
				236416D619995F3300A6A498 /* iAdTestTests */,
				236416AD19995F3200A6A498 /* Frameworks */,
				236416AC19995F3200A6A498 /* Products */,
			);
			sourceTree = "<group>";
		};
		236416AC19995F3200A6A498 /* Products */ = {
			isa = PBXGroup;
			children = (
				236416AB19995F3200A6A498 /* iAdTest.app */,
				236416CF19995F3200A6A498 /* iAdTestTests.xctest */,
			);
			name = Products;
			sourceTree = "<group>";
		};
		236416AD19995F3200A6A498 /* Frameworks */ = {
			isa = PBXGroup;
			children = (
				236416E619995F8F00A6A498 /* iAd.framework */,
				236416AE19995F3200A6A498 /* Foundation.framework */,
				236416B019995F3200A6A498 /* CoreGraphics.framework */,
				236416B219995F3200A6A498 /* UIKit.framework */,
				236416D019995F3200A6A498 /* XCTest.framework */,
			);
			name = Frameworks;
			sourceTree = "<group>";
		};
		236416B419995F3200A6A498 /* iAdTest */ = {
			isa = PBXGroup;
			children = (
				236416BD19995F3200A6A498 /* AppDelegate.h */,
				236416BE19995F3200A6A498 /* AppDelegate.m */,
				236416C019995F3200A6A498 /* Main_iPhone.storyboard */,
				236416C319995F3200A6A498 /* Main_iPad.storyboard */,
				236416C619995F3200A6A498 /* ViewController.h */,
				236416C719995F3200A6A498 /* ViewController.m */,
				236416C919995F3200A6A498 /* Images.xcassets */,
				236416B519995F3200A6A498 /* Supporting Files */,
			);
			path = iAdTest;
			sourceTree = "<group>";
		};
		236416B519995F3200A6A498 /* Supporting Files */ = {
			isa = PBXGroup;
			children = (
				236416B619995F3200A6A498 /* iAdTest-Info.plist */,
				236416B719995F3200A6A498 /* InfoPlist.strings */,
				236416BA19995F3200A6A498 /* main.m */,
				236416BC19995F3200A6A498 /* iAdTest-Prefix.pch */,
			);
			name = "Supporting Files";
			sourceTree = "<group>";
		};
		236416D619995F3300A6A498 /* iAdTestTests */ = {
			isa = PBXGroup;
			children = (
				236416DC19995F3300A6A498 /* iAdTestTests.m */,
				236416D719995F3300A6A498 /* Supporting Files */,
			);
			path = iAdTestTests;
			sourceTree = "<group>";
		};
		236416D719995F3300A6A498 /* Supporting Files */ = {
			isa = PBXGroup;
			children = (
				236416D819995F3300A6A498 /* iAdTestTests-Info.plist */,
				236416D919995F3300A6A498 /* InfoPlist.strings */,
			);
			name = "Supporting Files";
			sourceTree = "<group>";
		};
/* End PBXGroup section */

/* Begin PBXNativeTarget section */
		236416AA19995F3200A6A498 /* iAdTest */ = {
			isa = PBXNativeTarget;
			buildConfigurationList = 236416E019995F3300A6A498 /* Build configuration list for PBXNativeTarget "iAdTest" */;
			buildPhases = (
				236416A719995F3200A6A498 /* Sources */,
				236416A819995F3200A6A498 /* Frameworks */,
				236416A919995F3200A6A498 /* Resources */,
			);
			buildRules = (
			);
			dependencies = (
			);
			name = iAdTest;
			productName = iAdTest;
			productReference = 236416AB19995F3200A6A498 /* iAdTest.app */;
			productType = "com.apple.product-type.application";
		};
		236416CE19995F3200A6A498 /* iAdTestTests */ = {
			isa = PBXNativeTarget;
			buildConfigurationList = 236416E319995F3300A6A498 /* Build configuration list for PBXNativeTarget "iAdTestTests" */;
			buildPhases = (
				236416CB19995F3200A6A498 /* Sources */,
				236416CC19995F3200A6A498 /* Frameworks */,
				236416CD19995F3200A6A498 /* Resources */,
			);
			buildRules = (
			);
			dependencies = (
				236416D519995F3300A6A498 /* PBXTargetDependency */,
			);
			name = iAdTestTests;
			productName = iAdTestTests;
			productReference = 236416CF19995F3200A6A498 /* iAdTestTests.xctest */;
			productType = "com.apple.product-type.bundle.unit-test";
		};
/* End PBXNativeTarget section */

/* Begin PBXProject section */
		236416A319995F3200A6A498 /* Project object */ = {
			isa = PBXProject;
			attributes = {
				LastUpgradeCheck = 0510;
				ORGANIZATIONNAME = KickinEspresso;
				TargetAttributes = {
					236416CE19995F3200A6A498 = {
						TestTargetID = 236416AA19995F3200A6A498;
					};
				};
			};
			buildConfigurationList = 236416A619995F3200A6A498 /* Build configuration list for PBXProject "iAdTest" */;
			compatibilityVersion = "Xcode 3.2";
			developmentRegion = English;
			hasScannedForEncodings = 0;
			knownRegions = (
				en,
				Base,
			);
			mainGroup = 236416A219995F3200A6A498;
			productRefGroup = 236416AC19995F3200A6A498 /* Products */;
			projectDirPath = "";
			projectRoot = "";
			targets = (
				236416AA19995F3200A6A498 /* iAdTest */,
				236416CE19995F3200A6A498 /* iAdTestTests */,
			);
		};
/* End PBXProject section */

/* Begin PBXResourcesBuildPhase section */
		236416A919995F3200A6A498 /* Resources */ = {
			isa = PBXResourcesBuildPhase;
			buildActionMask = 2147483647;
			files = (
				236416C519995F3200A6A498 /* Main_iPad.storyboard in Resources */,
				236416CA19995F3200A6A498 /* Images.xcassets in Resources */,
				236416C219995F3200A6A498 /* Main_iPhone.storyboard in Resources */,
				236416B919995F3200A6A498 /* InfoPlist.strings in Resources */,
			);
			runOnlyForDeploymentPostprocessing = 0;
		};
		236416CD19995F3200A6A498 /* Resources */ = {
			isa = PBXResourcesBuildPhase;
			buildActionMask = 2147483647;
			files = (
				236416DB19995F3300A6A498 /* InfoPlist.strings in Resources */,
			);
			runOnlyForDeploymentPostprocessing = 0;
		};
/* End PBXResourcesBuildPhase section */

/* Begin PBXSourcesBuildPhase section */
		236416A719995F3200A6A498 /* Sources */ = {
			isa = PBXSourcesBuildPhase;
			buildActionMask = 2147483647;
			files = (
				236416C819995F3200A6A498 /* ViewController.m in Sources */,
				236416BF19995F3200A6A498 /* AppDelegate.m in Sources */,
				236416BB19995F3200A6A498 /* main.m in Sources */,
			);
			runOnlyForDeploymentPostprocessing = 0;
		};
		236416CB19995F3200A6A498 /* Sources */ = {
			isa = PBXSourcesBuildPhase;
			buildActionMask = 2147483647;
			files = (
				236416DD19995F3300A6A498 /* iAdTestTests.m in Sources */,
			);
			runOnlyForDeploymentPostprocessing = 0;
		};
/* End PBXSourcesBuildPhase section */

/* Begin PBXTargetDependency section */
		236416D519995F3300A6A498 /* PBXTargetDependency */ = {
			isa = PBXTargetDependency;
			target = 236416AA19995F3200A6A498 /* iAdTest */;
			targetProxy = 236416D419995F3300A6A498 /* PBXContainerItemProxy */;
		};
/* End PBXTargetDependency section */

/* Begin PBXVariantGroup section */
		236416B719995F3200A6A498 /* InfoPlist.strings */ = {
			isa = PBXVariantGroup;
			children = (
				236416B819995F3200A6A498 /* en */,
			);
			name = InfoPlist.strings;
			sourceTree = "<group>";
		};
		236416C019995F3200A6A498 /* Main_iPhone.storyboard */ = {
			isa = PBXVariantGroup;
			children = (
				236416C119995F3200A6A498 /* Base */,
			);
			name = Main_iPhone.storyboard;
			sourceTree = "<group>";
		};
		236416C319995F3200A6A498 /* Main_iPad.storyboard */ = {
			isa = PBXVariantGroup;
			children = (
				236416C419995F3200A6A498 /* Base */,
			);
			name = Main_iPad.storyboard;
			sourceTree = "<group>";
		};
		236416D919995F3300A6A498 /* InfoPlist.strings */ = {
			isa = PBXVariantGroup;
			children = (
				236416DA19995F3300A6A498 /* en */,
			);
			name = InfoPlist.strings;
			sourceTree = "<group>";
		};
/* End PBXVariantGroup section */

/* Begin XCBuildConfiguration section */
		236416DE19995F3300A6A498 /* Debug */ = {
			isa = XCBuildConfiguration;
			buildSettings = {
				ALWAYS_SEARCH_USER_PATHS = NO;
				CLANG_CXX_LANGUAGE_STANDARD = "gnu++0x";
				CLANG_CXX_LIBRARY = "libc++";
				CLANG_ENABLE_MODULES = YES;
				CLANG_ENABLE_OBJC_ARC = YES;
				CLANG_WARN_BOOL_CONVERSION = YES;
				CLANG_WARN_CONSTANT_CONVERSION = YES;
				CLANG_WARN_DIRECT_OBJC_ISA_USAGE = YES_ERROR;
				CLANG_WARN_EMPTY_BODY = YES;
				CLANG_WARN_ENUM_CONVERSION = YES;
				CLANG_WARN_INT_CONVERSION = YES;
				CLANG_WARN_OBJC_ROOT_CLASS = YES_ERROR;
				CLANG_WARN__DUPLICATE_METHOD_MATCH = YES;
				"CODE_SIGN_IDENTITY[sdk=iphoneos*]" = "iPhone Developer";
				COPY_PHASE_STRIP = NO;
				GCC_C_LANGUAGE_STANDARD = gnu99;
				GCC_DYNAMIC_NO_PIC = NO;
				GCC_OPTIMIZATION_LEVEL = 0;
				GCC_PREPROCESSOR_DEFINITIONS = (
					"DEBUG=1",
					"$(inherited)",
				);
				GCC_SYMBOLS_PRIVATE_EXTERN = NO;
				GCC_WARN_64_TO_32_BIT_CONVERSION = YES;
				GCC_WARN_ABOUT_RETURN_TYPE = YES_ERROR;
				GCC_WARN_UNDECLARED_SELECTOR = YES;
				GCC_WARN_UNINITIALIZED_AUTOS = YES_AGGRESSIVE;
				GCC_WARN_UNUSED_FUNCTION = YES;
				GCC_WARN_UNUSED_VARIABLE = YES;
				IPHONEOS_DEPLOYMENT_TARGET = 7.1;
				ONLY_ACTIVE_ARCH = YES;
				SDKROOT = iphoneos;
				TARGETED_DEVICE_FAMILY = "1,2";
			};
			name = Debug;
		};
		236416DF19995F3300A6A498 /* Release */ = {
			isa = XCBuildConfiguration;
			buildSettings = {
				ALWAYS_SEARCH_USER_PATHS = NO;
				CLANG_CXX_LANGUAGE_STANDARD = "gnu++0x";
				CLANG_CXX_LIBRARY = "libc++";
				CLANG_ENABLE_MODULES = YES;
				CLANG_ENABLE_OBJC_ARC = YES;
				CLANG_WARN_BOOL_CONVERSION = YES;
				CLANG_WARN_CONSTANT_CONVERSION = YES;
				CLANG_WARN_DIRECT_OBJC_ISA_USAGE = YES_ERROR;
				CLANG_WARN_EMPTY_BODY = YES;
				CLANG_WARN_ENUM_CONVERSION = YES;
				CLANG_WARN_INT_CONVERSION = YES;
				CLANG_WARN_OBJC_ROOT_CLASS = YES_ERROR;
				CLANG_WARN__DUPLICATE_METHOD_MATCH = YES;
				"CODE_SIGN_IDENTITY[sdk=iphoneos*]" = "iPhone Developer";
				COPY_PHASE_STRIP = YES;
				ENABLE_NS_ASSERTIONS = NO;
				GCC_C_LANGUAGE_STANDARD = gnu99;
				GCC_WARN_64_TO_32_BIT_CONVERSION = YES;
				GCC_WARN_ABOUT_RETURN_TYPE = YES_ERROR;
				GCC_WARN_UNDECLARED_SELECTOR = YES;
				GCC_WARN_UNINITIALIZED_AUTOS = YES_AGGRESSIVE;
				GCC_WARN_UNUSED_FUNCTION = YES;
				GCC_WARN_UNUSED_VARIABLE = YES;
				IPHONEOS_DEPLOYMENT_TARGET = 7.1;
				SDKROOT = iphoneos;
				TARGETED_DEVICE_FAMILY = "1,2";
				VALIDATE_PRODUCT = YES;
			};
			name = Release;
		};
		236416E119995F3300A6A498 /* Debug */ = {
			isa = XCBuildConfiguration;
			buildSettings = {
				ASSETCATALOG_COMPILER_APPICON_NAME = AppIcon;
				ASSETCATALOG_COMPILER_LAUNCHIMAGE_NAME = LaunchImage;
				GCC_PRECOMPILE_PREFIX_HEADER = YES;
				GCC_PREFIX_HEADER = "iAdTest/iAdTest-Prefix.pch";
				INFOPLIST_FILE = "iAdTest/iAdTest-Info.plist";
				PRODUCT_NAME = "$(TARGET_NAME)";
				WRAPPER_EXTENSION = app;
			};
			name = Debug;
		};
		236416E219995F3300A6A498 /* Release */ = {
			isa = XCBuildConfiguration;
			buildSettings = {
				ASSETCATALOG_COMPILER_APPICON_NAME = AppIcon;
				ASSETCATALOG_COMPILER_LAUNCHIMAGE_NAME = LaunchImage;
				GCC_PRECOMPILE_PREFIX_HEADER = YES;
				GCC_PREFIX_HEADER = "iAdTest/iAdTest-Prefix.pch";
				INFOPLIST_FILE = "iAdTest/iAdTest-Info.plist";
				PRODUCT_NAME = "$(TARGET_NAME)";
				WRAPPER_EXTENSION = app;
			};
			name = Release;
		};
		236416E419995F3300A6A498 /* Debug */ = {
			isa = XCBuildConfiguration;
			buildSettings = {
				BUNDLE_LOADER = "$(BUILT_PRODUCTS_DIR)/iAdTest.app/iAdTest";
				FRAMEWORK_SEARCH_PATHS = (
					"$(SDKROOT)/Developer/Library/Frameworks",
					"$(inherited)",
					"$(DEVELOPER_FRAMEWORKS_DIR)",
				);
				GCC_PRECOMPILE_PREFIX_HEADER = YES;
				GCC_PREFIX_HEADER = "iAdTest/iAdTest-Prefix.pch";
				GCC_PREPROCESSOR_DEFINITIONS = (
					"DEBUG=1",
					"$(inherited)",
				);
				INFOPLIST_FILE = "iAdTestTests/iAdTestTests-Info.plist";
				PRODUCT_NAME = "$(TARGET_NAME)";
				TEST_HOST = "$(BUNDLE_LOADER)";
				WRAPPER_EXTENSION = xctest;
			};
			name = Debug;
		};
		236416E519995F3300A6A498 /* Release */ = {
			isa = XCBuildConfiguration;
			buildSettings = {
				BUNDLE_LOADER = "$(BUILT_PRODUCTS_DIR)/iAdTest.app/iAdTest";
				FRAMEWORK_SEARCH_PATHS = (
					"$(SDKROOT)/Developer/Library/Frameworks",
					"$(inherited)",
					"$(DEVELOPER_FRAMEWORKS_DIR)",
				);
				GCC_PRECOMPILE_PREFIX_HEADER = YES;
				GCC_PREFIX_HEADER = "iAdTest/iAdTest-Prefix.pch";
				INFOPLIST_FILE = "iAdTestTests/iAdTestTests-Info.plist";
				PRODUCT_NAME = "$(TARGET_NAME)";
				TEST_HOST = "$(BUNDLE_LOADER)";
				WRAPPER_EXTENSION = xctest;
			};
			name = Release;
		};
/* End XCBuildConfiguration section */

/* Begin XCConfigurationList section */
		236416A619995F3200A6A498 /* Build configuration list for PBXProject "iAdTest" */ = {
			isa = XCConfigurationList;
			buildConfigurations = (
				236416DE19995F3300A6A498 /* Debug */,
				236416DF19995F3300A6A498 /* Release */,
			);
			defaultConfigurationIsVisible = 0;
			defaultConfigurationName = Release;
		};
		236416E019995F3300A6A498 /* Build configuration list for PBXNativeTarget "iAdTest" */ = {
			isa = XCConfigurationList;
			buildConfigurations = (
				236416E119995F3300A6A498 /* Debug */,
				236416E219995F3300A6A498 /* Release */,
			);
			defaultConfigurationIsVisible = 0;
		};
		236416E319995F3300A6A498 /* Build configuration list for PBXNativeTarget "iAdTestTests" */ = {
			isa = XCConfigurationList;
			buildConfigurations = (
				236416E419995F3300A6A498 /* Debug */,
				236416E519995F3300A6A498 /* Release */,
			);
			defaultConfigurationIsVisible = 0;
		};
/* End XCConfigurationList section */
	};
	rootObject = 236416A319995F3200A6A498 /* Project object */;
}
